// !$*UTF8*$!
{
	archiveVersion = 1;
	classes = {
	};
	objectVersion = 46;
	objects = {

/* Begin PBXBuildFile section */
		1D60589B0D05DD56006BFB54 /* main.m in Sources */ = {isa = PBXBuildFile; fileRef = 29B97316FDCFA39411CA2CEA /* main.m */; };
		1D60589F0D05DD5A006BFB54 /* Foundation.framework in Frameworks */ = {isa = PBXBuildFile; fileRef = 1D30AB110D05D00D00671497 /* Foundation.framework */; };
		1DF5F4E00D08C38300B7A737 /* UIKit.framework in Frameworks */ = {isa = PBXBuildFile; fileRef = 1DF5F4DF0D08C38300B7A737 /* UIKit.framework */; };
		288765FD0DF74451002DB57D /* CoreGraphics.framework in Frameworks */ = {isa = PBXBuildFile; fileRef = 288765FC0DF74451002DB57D /* CoreGraphics.framework */; };
		28AD733F0D9D9553002E5188 /* MainWindow.xib in Resources */ = {isa = PBXBuildFile; fileRef = 28AD733E0D9D9553002E5188 /* MainWindow.xib */; };
		330252981537970900EA2425 /* TrackBall.m in Sources */ = {isa = PBXBuildFile; fileRef = 330252971537970900EA2425 /* TrackBall.m */; };
		3308B1781533EC87001E853F /* ApplicationEngine.ParametricViewer.cpp in Sources */ = {isa = PBXBuildFile; fileRef = 3308B1661533EC87001E853F /* ApplicationEngine.ParametricViewer.cpp */; };
		3308B1791533EC87001E853F /* ParametricSurface.cpp in Sources */ = {isa = PBXBuildFile; fileRef = 3308B16A1533EC87001E853F /* ParametricSurface.cpp */; };
		3308B17A1533EC87001E853F /* RenderingEngine.SolidES2.cpp in Sources */ = {isa = PBXBuildFile; fileRef = 3308B16D1533EC87001E853F /* RenderingEngine.SolidES2.cpp */; };
		3308B17B1533EC87001E853F /* Compiler.cpp in Sources */ = {isa = PBXBuildFile; fileRef = 3308B1701533EC87001E853F /* Compiler.cpp */; };
		3308B17C1533EC87001E853F /* error.cpp in Sources */ = {isa = PBXBuildFile; fileRef = 3308B1721533EC87001E853F /* error.cpp */; };
		3308B17D1533EC87001E853F /* programData.cpp in Sources */ = {isa = PBXBuildFile; fileRef = 3308B1741533EC87001E853F /* programData.cpp */; };
		3308B17E1533EC87001E853F /* surfaceRender.cpp in Sources */ = {isa = PBXBuildFile; fileRef = 3308B1761533EC87001E853F /* surfaceRender.cpp */; };
		5EDA315515E2FD6400F7BC06 /* button-share.png in Resources */ = {isa = PBXBuildFile; fileRef = 5EDA315315E2FD6400F7BC06 /* button-share.png */; };
		5EDA315615E2FD6400F7BC06 /* button-share@2x.png in Resources */ = {isa = PBXBuildFile; fileRef = 5EDA315415E2FD6400F7BC06 /* button-share@2x.png */; };
		5EDA315915E2FD7F00F7BC06 /* button-galleries-not-active.png in Resources */ = {isa = PBXBuildFile; fileRef = 5EDA315715E2FD7F00F7BC06 /* button-galleries-not-active.png */; };
		5EDA315A15E2FD7F00F7BC06 /* button-galleries-not-active@2x.png in Resources */ = {isa = PBXBuildFile; fileRef = 5EDA315815E2FD7F00F7BC06 /* button-galleries-not-active@2x.png */; };
		5EDA315D15E2FDB600F7BC06 /* button-color.png in Resources */ = {isa = PBXBuildFile; fileRef = 5EDA315B15E2FDB600F7BC06 /* button-color.png */; };
		5EDA315E15E2FDB600F7BC06 /* button-color@2x.png in Resources */ = {isa = PBXBuildFile; fileRef = 5EDA315C15E2FDB600F7BC06 /* button-color@2x.png */; };
		5EDA316115E2FDC800F7BC06 /* button-render-active.png in Resources */ = {isa = PBXBuildFile; fileRef = 5EDA315F15E2FDC800F7BC06 /* button-render-active.png */; };
		5EDA316215E2FDC800F7BC06 /* button-render-active@2x.png in Resources */ = {isa = PBXBuildFile; fileRef = 5EDA316015E2FDC800F7BC06 /* button-render-active@2x.png */; };
		5EDA316515E2FF0200F7BC06 /* button-settings-not-active.png in Resources */ = {isa = PBXBuildFile; fileRef = 5EDA316315E2FF0200F7BC06 /* button-settings-not-active.png */; };
		5EDA316615E2FF0200F7BC06 /* button-settings-not-active@2x.png in Resources */ = {isa = PBXBuildFile; fileRef = 5EDA316415E2FF0200F7BC06 /* button-settings-not-active@2x.png */; };
		5EDA316815E3016400F7BC06 /* button-save.png in Resources */ = {isa = PBXBuildFile; fileRef = 5EDA316715E3016400F7BC06 /* button-save.png */; };
		8B29F94A13D3A20E00EDB516 /* AddNewGalleryViewController.m in Sources */ = {isa = PBXBuildFile; fileRef = 8B29F94813D3A20E00EDB516 /* AddNewGalleryViewController.m */; };
		8B29F94B13D3A20E00EDB516 /* AddNewGalleryViewController.xib in Resources */ = {isa = PBXBuildFile; fileRef = 8B29F94913D3A20E00EDB516 /* AddNewGalleryViewController.xib */; };
		8B29F98713D3C6BE00EDB516 /* Gallery.m in Sources */ = {isa = PBXBuildFile; fileRef = 8B29F98613D3C6BE00EDB516 /* Gallery.m */; };
		8B29FA4513D4E98800EDB516 /* GalleryViewController.m in Sources */ = {isa = PBXBuildFile; fileRef = 8B29FA4413D4E98800EDB516 /* GalleryViewController.m */; };
		8B29FA4713D4E99700EDB516 /* GalleryViewController.xib in Resources */ = {isa = PBXBuildFile; fileRef = 8B29FA4613D4E99700EDB516 /* GalleryViewController.xib */; };
		8B29FAB213D4F30C00EDB516 /* AlgebraicSurface.m in Sources */ = {isa = PBXBuildFile; fileRef = 8B29FAB113D4F30C00EDB516 /* AlgebraicSurface.m */; };
		8B29FB4513D4FF9B00EDB516 /* SurfaceCellView.m in Sources */ = {isa = PBXBuildFile; fileRef = 8B29FB4413D4FF9B00EDB516 /* SurfaceCellView.m */; };
		8B29FB4713D4FFA600EDB516 /* SurfaceCellView.xib in Resources */ = {isa = PBXBuildFile; fileRef = 8B29FB4613D4FFA600EDB516 /* SurfaceCellView.xib */; };
		8B29FCFD13D654DC00EDB516 /* SaveAlgebraicSurfaceViewController.m in Sources */ = {isa = PBXBuildFile; fileRef = 8B29FCFC13D654DC00EDB516 /* SaveAlgebraicSurfaceViewController.m */; };
		8B29FCFF13D654EC00EDB516 /* SaveAlgebraicSurfaceViewController.xib in Resources */ = {isa = PBXBuildFile; fileRef = 8B29FCFE13D654EC00EDB516 /* SaveAlgebraicSurfaceViewController.xib */; };
		8B29FD0813D6685600EDB516 /* Black Line.png in Resources */ = {isa = PBXBuildFile; fileRef = 8B29FD0713D6685600EDB516 /* Black Line.png */; };
		8B3080F513BBEC6900EA792E /* GoiSurferViewController.mm in Sources */ = {isa = PBXBuildFile; fileRef = 8B3080F413BBEC6900EA792E /* GoiSurferViewController.mm */; };
		8B3080F813BBEC7D00EA792E /* MyGalleriesViewController.m in Sources */ = {isa = PBXBuildFile; fileRef = 8B3080F713BBEC7D00EA792E /* MyGalleriesViewController.m */; };
		8B3080FA13BBECA900EA792E /* GoiSurferViewController.xib in Resources */ = {isa = PBXBuildFile; fileRef = 8B3080F913BBECA900EA792E /* GoiSurferViewController.xib */; };
		8B3080FC13BBECB700EA792E /* MyGalleriesViewController.xib in Resources */ = {isa = PBXBuildFile; fileRef = 8B3080FB13BBECB700EA792E /* MyGalleriesViewController.xib */; };
		8B30820413BC185C00EA792E /* HelpViewController.m in Sources */ = {isa = PBXBuildFile; fileRef = 8B30820213BC185C00EA792E /* HelpViewController.m */; };
		8B30820513BC185C00EA792E /* HelpViewController.xib in Resources */ = {isa = PBXBuildFile; fileRef = 8B30820313BC185C00EA792E /* HelpViewController.xib */; };
		8B30823B13BD270400EA792E /* MyGalleryTableViewCell.m in Sources */ = {isa = PBXBuildFile; fileRef = 8B30823A13BD270400EA792E /* MyGalleryTableViewCell.m */; };
		8B30823D13BD271300EA792E /* MyGalleryTableViewCell.xib in Resources */ = {isa = PBXBuildFile; fileRef = 8B30823C13BD271300EA792E /* MyGalleryTableViewCell.xib */; };
		8B43061313C7BFEC004812EE /* facebook_icon.png in Resources */ = {isa = PBXBuildFile; fileRef = 8B43061113C7BFEC004812EE /* facebook_icon.png */; };
		8B43061413C7BFEC004812EE /* Logo-twitter.png in Resources */ = {isa = PBXBuildFile; fileRef = 8B43061213C7BFEC004812EE /* Logo-twitter.png */; };
		8B43075513C8FFD8004812EE /* done_down.png in Resources */ = {isa = PBXBuildFile; fileRef = 8B43075313C8FFD8004812EE /* done_down.png */; };
		8B43075613C8FFD8004812EE /* done_up.png in Resources */ = {isa = PBXBuildFile; fileRef = 8B43075413C8FFD8004812EE /* done_up.png */; };
		8B43078813C903B3004812EE /* goSurfer_background.png in Resources */ = {isa = PBXBuildFile; fileRef = 8B43078313C903B3004812EE /* goSurfer_background.png */; };
		8B43078913C903B3004812EE /* green wallpaper.JPG in Resources */ = {isa = PBXBuildFile; fileRef = 8B43078413C903B3004812EE /* green wallpaper.JPG */; };
		8B43078A13C903B3004812EE /* iPhone-Wallpapers-4-parquet (1).jpg in Resources */ = {isa = PBXBuildFile; fileRef = 8B43078513C903B3004812EE /* iPhone-Wallpapers-4-parquet (1).jpg */; };
		8B43078B13C903B3004812EE /* iPhone-Wallpapers-4-parquet.jpg in Resources */ = {isa = PBXBuildFile; fileRef = 8B43078613C903B3004812EE /* iPhone-Wallpapers-4-parquet.jpg */; };
		8B43078C13C903B3004812EE /* lit_12203IS153043143.jpg in Resources */ = {isa = PBXBuildFile; fileRef = 8B43078713C903B3004812EE /* lit_12203IS153043143.jpg */; };
		8B68A37E13B8031200EC98B5 /* MainMenuViewController.m in Sources */ = {isa = PBXBuildFile; fileRef = 8B68A37D13B8031200EC98B5 /* MainMenuViewController.m */; };
		8B78325513E9F85B00CE30A8 /* QuartzCore.framework in Frameworks */ = {isa = PBXBuildFile; fileRef = 8B78325413E9F85B00CE30A8 /* QuartzCore.framework */; };
		8B7F61B313C27DFE0098948F /* VideoViewController.m in Sources */ = {isa = PBXBuildFile; fileRef = 8B7F61B213C27DFE0098948F /* VideoViewController.m */; };
		8B7F61F113C27E990098948F /* MediaPlayer.framework in Frameworks */ = {isa = PBXBuildFile; fileRef = 8B7F61F013C27E990098948F /* MediaPlayer.framework */; };
		8B7F64C913C55C840098948F /* black_bar2.png in Resources */ = {isa = PBXBuildFile; fileRef = 8B7F64C813C55C840098948F /* black_bar2.png */; };
		8B891C8213BA95AC00EE4BC7 /* MainMenuViewController.xib in Resources */ = {isa = PBXBuildFile; fileRef = 8B891C8113BA95AC00EE4BC7 /* MainMenuViewController.xib */; };
		8B891CB313BA992B00EE4BC7 /* Imaginary lemon.jpg in Resources */ = {isa = PBXBuildFile; fileRef = 8B891CB213BA992B00EE4BC7 /* Imaginary lemon.jpg */; };
		8B9114CD14BF849D00BEAF27 /* Localizable.strings in Resources */ = {isa = PBXBuildFile; fileRef = 8B9114CB14BF849D00BEAF27 /* Localizable.strings */; };
		8B9114D114BF862600BEAF27 /* Language.m in Sources */ = {isa = PBXBuildFile; fileRef = 8B9114D014BF862600BEAF27 /* Language.m */; };
		8B9114D714BF946C00BEAF27 /* lemon.png in Resources */ = {isa = PBXBuildFile; fileRef = 8B9114D514BF946C00BEAF27 /* lemon.png */; };
		8B9114D814BF946C00BEAF27 /* nepali.png in Resources */ = {isa = PBXBuildFile; fileRef = 8B9114D614BF946C00BEAF27 /* nepali.png */; };
		8B9614E3144B1B040015D292 /* FMDatabase.m in Sources */ = {isa = PBXBuildFile; fileRef = 8B9614DD144B1B040015D292 /* FMDatabase.m */; };
		8B9614E4144B1B040015D292 /* FMDatabaseAdditions.m in Sources */ = {isa = PBXBuildFile; fileRef = 8B9614DF144B1B040015D292 /* FMDatabaseAdditions.m */; };
		8B9614E6144B1B040015D292 /* FMResultSet.m in Sources */ = {isa = PBXBuildFile; fileRef = 8B9614E2144B1B040015D292 /* FMResultSet.m */; };
		8B9614EE144B1B410015D292 /* libsqlite3.0.dylib in Frameworks */ = {isa = PBXBuildFile; fileRef = 8B9614ED144B1B410015D292 /* libsqlite3.0.dylib */; };
		8B9614F6144B1CFB0015D292 /* DataBaseController.m in Sources */ = {isa = PBXBuildFile; fileRef = 8B9614F5144B1CFB0015D292 /* DataBaseController.m */; };
		8B961619144B45670015D292 /* iSurferDB.db in Resources */ = {isa = PBXBuildFile; fileRef = 8B961618144B45670015D292 /* iSurferDB.db */; };
		8BC02C6113B29199003E41AC /* iSurferAppDelegate.m in Sources */ = {isa = PBXBuildFile; fileRef = 8BC02C6013B29199003E41AC /* iSurferAppDelegate.m */; };
		8BC02C6513B291C3003E41AC /* AppController.m in Sources */ = {isa = PBXBuildFile; fileRef = 8BC02C6413B291C3003E41AC /* AppController.m */; };
		8BC02C9C13B2938C003E41AC /* SpashScreenViewController.xib in Resources */ = {isa = PBXBuildFile; fileRef = 8BC02C9913B2938C003E41AC /* SpashScreenViewController.xib */; };
		8BC02C9D13B2938C003E41AC /* SplashScreenViewController.m in Sources */ = {isa = PBXBuildFile; fileRef = 8BC02C9B13B2938C003E41AC /* SplashScreenViewController.m */; };
		8BC02D0613B29C00003E41AC /* BaseViewController.m in Sources */ = {isa = PBXBuildFile; fileRef = 8BC02D0513B29C00003E41AC /* BaseViewController.m */; };
		8BDD0A51142427450043741C /* matrix.cpp in Sources */ = {isa = PBXBuildFile; fileRef = 8BDD0A49142427450043741C /* matrix.cpp */; };
		8BDD0A53142427450043741C /* EAGLView.mm in Sources */ = {isa = PBXBuildFile; fileRef = 8BDD0A4E142427450043741C /* EAGLView.mm */; };
		8BDD0A54142427450043741C /* iSurferViewController.mm in Sources */ = {isa = PBXBuildFile; fileRef = 8BDD0A50142427450043741C /* iSurferViewController.mm */; };
		8BDD0A721424281B0043741C /* exception.c in Sources */ = {isa = PBXBuildFile; fileRef = 8BDD0A631424281B0043741C /* exception.c */; };
		8BDD0A731424281B0043741C /* exp.c in Sources */ = {isa = PBXBuildFile; fileRef = 8BDD0A651424281B0043741C /* exp.c */; };
		8BDD0A741424281B0043741C /* genlib.c in Sources */ = {isa = PBXBuildFile; fileRef = 8BDD0A681424281B0043741C /* genlib.c */; };
		8BDD0A751424281B0043741C /* parser.c in Sources */ = {isa = PBXBuildFile; fileRef = 8BDD0A6A1424281B0043741C /* parser.c */; };
		8BDD0A761424281B0043741C /* scanadt.c in Sources */ = {isa = PBXBuildFile; fileRef = 8BDD0A6C1424281B0043741C /* scanadt.c */; };
		8BDD0A771424281B0043741C /* simpio.c in Sources */ = {isa = PBXBuildFile; fileRef = 8BDD0A6E1424281B0043741C /* simpio.c */; };
		8BDD0A781424281B0043741C /* strlib.c in Sources */ = {isa = PBXBuildFile; fileRef = 8BDD0A701424281B0043741C /* strlib.c */; };
		8BDD0A861424283E0043741C /* OpenGLES.framework in Frameworks */ = {isa = PBXBuildFile; fileRef = 8BDD0A851424283E0043741C /* OpenGLES.framework */; };
		8BDD0B3F142431D50043741C /* fs1.glsl in Resources */ = {isa = PBXBuildFile; fileRef = 8BDD0B3B142431D50043741C /* fs1.glsl */; };
		8BDD0B40142431D50043741C /* fs2.glsl in Resources */ = {isa = PBXBuildFile; fileRef = 8BDD0B3C142431D50043741C /* fs2.glsl */; };
		8BDD0B41142431D50043741C /* vs1.glsl in Resources */ = {isa = PBXBuildFile; fileRef = 8BDD0B3D142431D50043741C /* vs1.glsl */; };
		8BDD0B42142431D50043741C /* vs2.glsl in Resources */ = {isa = PBXBuildFile; fileRef = 8BDD0B3E142431D50043741C /* vs2.glsl */; };
		8BF0D11115604E8E006E4085 /* ImageDescriptionViewController.m in Sources */ = {isa = PBXBuildFile; fileRef = 8BF0D10F15604E8E006E4085 /* ImageDescriptionViewController.m */; };
		B59EB95F13D0908100AD9F7C /* Button1_off.png in Resources */ = {isa = PBXBuildFile; fileRef = B59EB95913D0908100AD9F7C /* Button1_off.png */; };
		B59EB96013D0908100AD9F7C /* Button1_on.png in Resources */ = {isa = PBXBuildFile; fileRef = B59EB95A13D0908100AD9F7C /* Button1_on.png */; };
		B59EB96113D0908100AD9F7C /* Button2_off.png in Resources */ = {isa = PBXBuildFile; fileRef = B59EB95B13D0908100AD9F7C /* Button2_off.png */; };
		B59EB96213D0908100AD9F7C /* Button2_on.png in Resources */ = {isa = PBXBuildFile; fileRef = B59EB95C13D0908100AD9F7C /* Button2_on.png */; };
		B59EB96313D0908100AD9F7C /* Button3_off.png in Resources */ = {isa = PBXBuildFile; fileRef = B59EB95D13D0908100AD9F7C /* Button3_off.png */; };
		B59EB96413D0908100AD9F7C /* Button3_on.png in Resources */ = {isa = PBXBuildFile; fileRef = B59EB95E13D0908100AD9F7C /* Button3_on.png */; };
		B5DFEBD515A8BBA000203B41 /* ImageDescriptionViewController.xib in Resources */ = {isa = PBXBuildFile; fileRef = B5DFEBD415A8BBA000203B41 /* ImageDescriptionViewController.xib */; };
/* End PBXBuildFile section */

/* Begin PBXFileReference section */
		1D30AB110D05D00D00671497 /* Foundation.framework */ = {isa = PBXFileReference; lastKnownFileType = wrapper.framework; name = Foundation.framework; path = System/Library/Frameworks/Foundation.framework; sourceTree = SDKROOT; };
		1D6058910D05DD3D006BFB54 /* iSurfer.app */ = {isa = PBXFileReference; explicitFileType = wrapper.application; includeInIndex = 0; path = iSurfer.app; sourceTree = BUILT_PRODUCTS_DIR; };
		1DF5F4DF0D08C38300B7A737 /* UIKit.framework */ = {isa = PBXFileReference; lastKnownFileType = wrapper.framework; name = UIKit.framework; path = System/Library/Frameworks/UIKit.framework; sourceTree = SDKROOT; };
		288765FC0DF74451002DB57D /* CoreGraphics.framework */ = {isa = PBXFileReference; lastKnownFileType = wrapper.framework; name = CoreGraphics.framework; path = System/Library/Frameworks/CoreGraphics.framework; sourceTree = SDKROOT; };
		28AD733E0D9D9553002E5188 /* MainWindow.xib */ = {isa = PBXFileReference; lastKnownFileType = file.xib; path = MainWindow.xib; sourceTree = "<group>"; };
		29B97316FDCFA39411CA2CEA /* main.m */ = {isa = PBXFileReference; fileEncoding = 4; lastKnownFileType = sourcecode.c.objc; path = main.m; sourceTree = "<group>"; };
		32CA4F630368D1EE00C91783 /* iSurfer_Prefix.pch */ = {isa = PBXFileReference; fileEncoding = 4; lastKnownFileType = sourcecode.c.h; path = iSurfer_Prefix.pch; sourceTree = "<group>"; };
		330252961537970900EA2425 /* TrackBall.h */ = {isa = PBXFileReference; fileEncoding = 4; lastKnownFileType = sourcecode.c.h; path = TrackBall.h; sourceTree = "<group>"; };
		330252971537970900EA2425 /* TrackBall.m */ = {isa = PBXFileReference; fileEncoding = 4; lastKnownFileType = sourcecode.c.objc; path = TrackBall.m; sourceTree = "<group>"; };
		3308B1661533EC87001E853F /* ApplicationEngine.ParametricViewer.cpp */ = {isa = PBXFileReference; fileEncoding = 4; lastKnownFileType = sourcecode.cpp.cpp; path = ApplicationEngine.ParametricViewer.cpp; sourceTree = "<group>"; };
		3308B1671533EC87001E853F /* Interfaces.hpp */ = {isa = PBXFileReference; fileEncoding = 4; lastKnownFileType = sourcecode.cpp.h; path = Interfaces.hpp; sourceTree = "<group>"; };
		3308B1681533EC87001E853F /* Matrix.hpp */ = {isa = PBXFileReference; fileEncoding = 4; lastKnownFileType = sourcecode.cpp.h; path = Matrix.hpp; sourceTree = "<group>"; };
		3308B1691533EC87001E853F /* ParametricEquations.hpp */ = {isa = PBXFileReference; fileEncoding = 4; lastKnownFileType = sourcecode.cpp.h; path = ParametricEquations.hpp; sourceTree = "<group>"; };
		3308B16A1533EC87001E853F /* ParametricSurface.cpp */ = {isa = PBXFileReference; fileEncoding = 4; lastKnownFileType = sourcecode.cpp.cpp; path = ParametricSurface.cpp; sourceTree = "<group>"; };
		3308B16B1533EC87001E853F /* ParametricSurface.hpp */ = {isa = PBXFileReference; fileEncoding = 4; lastKnownFileType = sourcecode.cpp.h; path = ParametricSurface.hpp; sourceTree = "<group>"; };
		3308B16C1533EC87001E853F /* Quaternion.hpp */ = {isa = PBXFileReference; fileEncoding = 4; lastKnownFileType = sourcecode.cpp.h; path = Quaternion.hpp; sourceTree = "<group>"; };
		3308B16D1533EC87001E853F /* RenderingEngine.SolidES2.cpp */ = {isa = PBXFileReference; fileEncoding = 4; lastKnownFileType = sourcecode.cpp.cpp; path = RenderingEngine.SolidES2.cpp; sourceTree = "<group>"; };
		3308B16E1533EC87001E853F /* Vector.hpp */ = {isa = PBXFileReference; fileEncoding = 4; lastKnownFileType = sourcecode.cpp.h; path = Vector.hpp; sourceTree = "<group>"; };
		3308B1701533EC87001E853F /* Compiler.cpp */ = {isa = PBXFileReference; fileEncoding = 4; lastKnownFileType = sourcecode.cpp.cpp; path = Compiler.cpp; sourceTree = "<group>"; };
		3308B1711533EC87001E853F /* Compiler.hpp */ = {isa = PBXFileReference; fileEncoding = 4; lastKnownFileType = sourcecode.cpp.h; path = Compiler.hpp; sourceTree = "<group>"; };
		3308B1721533EC87001E853F /* error.cpp */ = {isa = PBXFileReference; fileEncoding = 4; lastKnownFileType = sourcecode.cpp.cpp; path = error.cpp; sourceTree = "<group>"; };
		3308B1731533EC87001E853F /* error.hpp */ = {isa = PBXFileReference; fileEncoding = 4; lastKnownFileType = sourcecode.cpp.h; path = error.hpp; sourceTree = "<group>"; };
		3308B1741533EC87001E853F /* programData.cpp */ = {isa = PBXFileReference; fileEncoding = 4; lastKnownFileType = sourcecode.cpp.cpp; path = programData.cpp; sourceTree = "<group>"; };
		3308B1751533EC87001E853F /* programData.hpp */ = {isa = PBXFileReference; fileEncoding = 4; lastKnownFileType = sourcecode.cpp.h; path = programData.hpp; sourceTree = "<group>"; };
		3308B1761533EC87001E853F /* surfaceRender.cpp */ = {isa = PBXFileReference; fileEncoding = 4; lastKnownFileType = sourcecode.cpp.cpp; path = surfaceRender.cpp; sourceTree = "<group>"; };
		3308B1771533EC87001E853F /* surfaceRender.h */ = {isa = PBXFileReference; fileEncoding = 4; lastKnownFileType = sourcecode.c.h; path = surfaceRender.h; sourceTree = "<group>"; };
		5EDA315315E2FD6400F7BC06 /* button-share.png */ = {isa = PBXFileReference; lastKnownFileType = image.png; path = "button-share.png"; sourceTree = "<group>"; };
		5EDA315415E2FD6400F7BC06 /* button-share@2x.png */ = {isa = PBXFileReference; lastKnownFileType = image.png; path = "button-share@2x.png"; sourceTree = "<group>"; };
		5EDA315715E2FD7F00F7BC06 /* button-galleries-not-active.png */ = {isa = PBXFileReference; lastKnownFileType = image.png; path = "button-galleries-not-active.png"; sourceTree = "<group>"; };
		5EDA315815E2FD7F00F7BC06 /* button-galleries-not-active@2x.png */ = {isa = PBXFileReference; lastKnownFileType = image.png; path = "button-galleries-not-active@2x.png"; sourceTree = "<group>"; };
		5EDA315B15E2FDB600F7BC06 /* button-color.png */ = {isa = PBXFileReference; lastKnownFileType = image.png; path = "button-color.png"; sourceTree = "<group>"; };
		5EDA315C15E2FDB600F7BC06 /* button-color@2x.png */ = {isa = PBXFileReference; lastKnownFileType = image.png; path = "button-color@2x.png"; sourceTree = "<group>"; };
		5EDA315F15E2FDC800F7BC06 /* button-render-active.png */ = {isa = PBXFileReference; lastKnownFileType = image.png; path = "button-render-active.png"; sourceTree = "<group>"; };
		5EDA316015E2FDC800F7BC06 /* button-render-active@2x.png */ = {isa = PBXFileReference; lastKnownFileType = image.png; path = "button-render-active@2x.png"; sourceTree = "<group>"; };
		5EDA316315E2FF0200F7BC06 /* button-settings-not-active.png */ = {isa = PBXFileReference; lastKnownFileType = image.png; path = "button-settings-not-active.png"; sourceTree = "<group>"; };
		5EDA316415E2FF0200F7BC06 /* button-settings-not-active@2x.png */ = {isa = PBXFileReference; lastKnownFileType = image.png; path = "button-settings-not-active@2x.png"; sourceTree = "<group>"; };
		5EDA316715E3016400F7BC06 /* button-save.png */ = {isa = PBXFileReference; lastKnownFileType = image.png; path = "button-save.png"; sourceTree = "<group>"; };
		8B29F94713D3A20E00EDB516 /* AddNewGalleryViewController.h */ = {isa = PBXFileReference; fileEncoding = 4; lastKnownFileType = sourcecode.c.h; path = AddNewGalleryViewController.h; sourceTree = "<group>"; };
		8B29F94813D3A20E00EDB516 /* AddNewGalleryViewController.m */ = {isa = PBXFileReference; fileEncoding = 4; lastKnownFileType = sourcecode.c.objc; path = AddNewGalleryViewController.m; sourceTree = "<group>"; };
		8B29F94913D3A20E00EDB516 /* AddNewGalleryViewController.xib */ = {isa = PBXFileReference; lastKnownFileType = file.xib; path = AddNewGalleryViewController.xib; sourceTree = "<group>"; };
		8B29F98513D3C6BE00EDB516 /* Gallery.h */ = {isa = PBXFileReference; fileEncoding = 4; lastKnownFileType = sourcecode.c.h; path = Gallery.h; sourceTree = "<group>"; };
		8B29F98613D3C6BE00EDB516 /* Gallery.m */ = {isa = PBXFileReference; fileEncoding = 4; lastKnownFileType = sourcecode.c.objc; path = Gallery.m; sourceTree = "<group>"; };
		8B29FA4313D4E98800EDB516 /* GalleryViewController.h */ = {isa = PBXFileReference; fileEncoding = 4; lastKnownFileType = sourcecode.c.h; path = GalleryViewController.h; sourceTree = "<group>"; };
		8B29FA4413D4E98800EDB516 /* GalleryViewController.m */ = {isa = PBXFileReference; fileEncoding = 4; lastKnownFileType = sourcecode.c.objc; path = GalleryViewController.m; sourceTree = "<group>"; };
		8B29FA4613D4E99700EDB516 /* GalleryViewController.xib */ = {isa = PBXFileReference; lastKnownFileType = file.xib; path = GalleryViewController.xib; sourceTree = "<group>"; };
		8B29FAB013D4F30C00EDB516 /* AlgebraicSurface.h */ = {isa = PBXFileReference; fileEncoding = 4; lastKnownFileType = sourcecode.c.h; path = AlgebraicSurface.h; sourceTree = "<group>"; };
		8B29FAB113D4F30C00EDB516 /* AlgebraicSurface.m */ = {isa = PBXFileReference; fileEncoding = 4; lastKnownFileType = sourcecode.c.objc; path = AlgebraicSurface.m; sourceTree = "<group>"; };
		8B29FB4313D4FF9B00EDB516 /* SurfaceCellView.h */ = {isa = PBXFileReference; fileEncoding = 4; lastKnownFileType = sourcecode.c.h; path = SurfaceCellView.h; sourceTree = "<group>"; };
		8B29FB4413D4FF9B00EDB516 /* SurfaceCellView.m */ = {isa = PBXFileReference; fileEncoding = 4; lastKnownFileType = sourcecode.c.objc; path = SurfaceCellView.m; sourceTree = "<group>"; };
		8B29FB4613D4FFA600EDB516 /* SurfaceCellView.xib */ = {isa = PBXFileReference; lastKnownFileType = file.xib; path = SurfaceCellView.xib; sourceTree = "<group>"; };
		8B29FCFB13D654DC00EDB516 /* SaveAlgebraicSurfaceViewController.h */ = {isa = PBXFileReference; fileEncoding = 4; lastKnownFileType = sourcecode.c.h; path = SaveAlgebraicSurfaceViewController.h; sourceTree = "<group>"; };
		8B29FCFC13D654DC00EDB516 /* SaveAlgebraicSurfaceViewController.m */ = {isa = PBXFileReference; fileEncoding = 4; lastKnownFileType = sourcecode.c.objc; path = SaveAlgebraicSurfaceViewController.m; sourceTree = "<group>"; };
		8B29FCFE13D654EC00EDB516 /* SaveAlgebraicSurfaceViewController.xib */ = {isa = PBXFileReference; lastKnownFileType = file.xib; path = SaveAlgebraicSurfaceViewController.xib; sourceTree = "<group>"; };
		8B29FD0713D6685600EDB516 /* Black Line.png */ = {isa = PBXFileReference; lastKnownFileType = image.png; path = "Black Line.png"; sourceTree = "<group>"; };
		8B3080F313BBEC6900EA792E /* GoiSurferViewController.h */ = {isa = PBXFileReference; fileEncoding = 4; lastKnownFileType = sourcecode.c.h; path = GoiSurferViewController.h; sourceTree = "<group>"; };
		8B3080F413BBEC6900EA792E /* GoiSurferViewController.mm */ = {isa = PBXFileReference; fileEncoding = 4; lastKnownFileType = sourcecode.cpp.objcpp; path = GoiSurferViewController.mm; sourceTree = "<group>"; };
		8B3080F613BBEC7D00EA792E /* MyGalleriesViewController.h */ = {isa = PBXFileReference; fileEncoding = 4; lastKnownFileType = sourcecode.c.h; path = MyGalleriesViewController.h; sourceTree = "<group>"; };
		8B3080F713BBEC7D00EA792E /* MyGalleriesViewController.m */ = {isa = PBXFileReference; fileEncoding = 4; lastKnownFileType = sourcecode.c.objc; path = MyGalleriesViewController.m; sourceTree = "<group>"; };
		8B3080F913BBECA900EA792E /* GoiSurferViewController.xib */ = {isa = PBXFileReference; lastKnownFileType = file.xib; path = GoiSurferViewController.xib; sourceTree = "<group>"; };
		8B3080FB13BBECB700EA792E /* MyGalleriesViewController.xib */ = {isa = PBXFileReference; lastKnownFileType = file.xib; path = MyGalleriesViewController.xib; sourceTree = "<group>"; };
		8B30820113BC185C00EA792E /* HelpViewController.h */ = {isa = PBXFileReference; fileEncoding = 4; lastKnownFileType = sourcecode.c.h; path = HelpViewController.h; sourceTree = "<group>"; };
		8B30820213BC185C00EA792E /* HelpViewController.m */ = {isa = PBXFileReference; fileEncoding = 4; lastKnownFileType = sourcecode.c.objc; path = HelpViewController.m; sourceTree = "<group>"; };
		8B30820313BC185C00EA792E /* HelpViewController.xib */ = {isa = PBXFileReference; lastKnownFileType = file.xib; path = HelpViewController.xib; sourceTree = "<group>"; };
		8B30823913BD270400EA792E /* MyGalleryTableViewCell.h */ = {isa = PBXFileReference; fileEncoding = 4; lastKnownFileType = sourcecode.c.h; path = MyGalleryTableViewCell.h; sourceTree = "<group>"; };
		8B30823A13BD270400EA792E /* MyGalleryTableViewCell.m */ = {isa = PBXFileReference; fileEncoding = 4; lastKnownFileType = sourcecode.c.objc; path = MyGalleryTableViewCell.m; sourceTree = "<group>"; };
		8B30823C13BD271300EA792E /* MyGalleryTableViewCell.xib */ = {isa = PBXFileReference; lastKnownFileType = file.xib; path = MyGalleryTableViewCell.xib; sourceTree = "<group>"; };
		8B43061113C7BFEC004812EE /* facebook_icon.png */ = {isa = PBXFileReference; lastKnownFileType = image.png; path = facebook_icon.png; sourceTree = "<group>"; };
		8B43061213C7BFEC004812EE /* Logo-twitter.png */ = {isa = PBXFileReference; lastKnownFileType = image.png; path = "Logo-twitter.png"; sourceTree = "<group>"; };
		8B43075313C8FFD8004812EE /* done_down.png */ = {isa = PBXFileReference; lastKnownFileType = image.png; path = done_down.png; sourceTree = "<group>"; };
		8B43075413C8FFD8004812EE /* done_up.png */ = {isa = PBXFileReference; lastKnownFileType = image.png; path = done_up.png; sourceTree = "<group>"; };
		8B43078313C903B3004812EE /* goSurfer_background.png */ = {isa = PBXFileReference; lastKnownFileType = image.png; path = goSurfer_background.png; sourceTree = "<group>"; };
		8B43078413C903B3004812EE /* green wallpaper.JPG */ = {isa = PBXFileReference; lastKnownFileType = image.jpeg; path = "green wallpaper.JPG"; sourceTree = "<group>"; };
		8B43078513C903B3004812EE /* iPhone-Wallpapers-4-parquet (1).jpg */ = {isa = PBXFileReference; lastKnownFileType = image.jpeg; path = "iPhone-Wallpapers-4-parquet (1).jpg"; sourceTree = "<group>"; };
		8B43078613C903B3004812EE /* iPhone-Wallpapers-4-parquet.jpg */ = {isa = PBXFileReference; lastKnownFileType = image.jpeg; path = "iPhone-Wallpapers-4-parquet.jpg"; sourceTree = "<group>"; };
		8B43078713C903B3004812EE /* lit_12203IS153043143.jpg */ = {isa = PBXFileReference; lastKnownFileType = image.jpeg; path = lit_12203IS153043143.jpg; sourceTree = "<group>"; };
		8B68A37C13B8031200EC98B5 /* MainMenuViewController.h */ = {isa = PBXFileReference; fileEncoding = 4; lastKnownFileType = sourcecode.c.h; path = MainMenuViewController.h; sourceTree = "<group>"; };
		8B68A37D13B8031200EC98B5 /* MainMenuViewController.m */ = {isa = PBXFileReference; fileEncoding = 4; lastKnownFileType = sourcecode.c.objc; path = MainMenuViewController.m; sourceTree = "<group>"; };
		8B78325413E9F85B00CE30A8 /* QuartzCore.framework */ = {isa = PBXFileReference; lastKnownFileType = wrapper.framework; name = QuartzCore.framework; path = System/Library/Frameworks/QuartzCore.framework; sourceTree = SDKROOT; };
		8B7F61B113C27DFE0098948F /* VideoViewController.h */ = {isa = PBXFileReference; fileEncoding = 4; lastKnownFileType = sourcecode.c.h; path = VideoViewController.h; sourceTree = "<group>"; };
		8B7F61B213C27DFE0098948F /* VideoViewController.m */ = {isa = PBXFileReference; fileEncoding = 4; lastKnownFileType = sourcecode.c.objc; path = VideoViewController.m; sourceTree = "<group>"; };
		8B7F61F013C27E990098948F /* MediaPlayer.framework */ = {isa = PBXFileReference; lastKnownFileType = wrapper.framework; name = MediaPlayer.framework; path = System/Library/Frameworks/MediaPlayer.framework; sourceTree = SDKROOT; };
		8B7F64C813C55C840098948F /* black_bar2.png */ = {isa = PBXFileReference; lastKnownFileType = image.png; path = black_bar2.png; sourceTree = "<group>"; };
		8B891C8113BA95AC00EE4BC7 /* MainMenuViewController.xib */ = {isa = PBXFileReference; lastKnownFileType = file.xib; path = MainMenuViewController.xib; sourceTree = "<group>"; };
		8B891CB213BA992B00EE4BC7 /* Imaginary lemon.jpg */ = {isa = PBXFileReference; lastKnownFileType = image.jpeg; path = "Imaginary lemon.jpg"; sourceTree = "<group>"; };
		8B891CBC13BABC5600EE4BC7 /* AppConfig.h */ = {isa = PBXFileReference; fileEncoding = 4; lastKnownFileType = sourcecode.c.h; path = AppConfig.h; sourceTree = "<group>"; };
		8B9114CC14BF849D00BEAF27 /* en */ = {isa = PBXFileReference; lastKnownFileType = text.plist.strings; name = en; path = en.lproj/Localizable.strings; sourceTree = "<group>"; };
		8B9114CF14BF862600BEAF27 /* Language.h */ = {isa = PBXFileReference; fileEncoding = 4; lastKnownFileType = sourcecode.c.h; path = Language.h; sourceTree = "<group>"; };
		8B9114D014BF862600BEAF27 /* Language.m */ = {isa = PBXFileReference; fileEncoding = 4; lastKnownFileType = sourcecode.c.objc; path = Language.m; sourceTree = "<group>"; };
		8B9114D214BF87B800BEAF27 /* es */ = {isa = PBXFileReference; lastKnownFileType = text.plist.strings; name = es; path = es.lproj/Localizable.strings; sourceTree = "<group>"; };
		8B9114D514BF946C00BEAF27 /* lemon.png */ = {isa = PBXFileReference; lastKnownFileType = image.png; path = lemon.png; sourceTree = "<group>"; };
		8B9114D614BF946C00BEAF27 /* nepali.png */ = {isa = PBXFileReference; lastKnownFileType = image.png; path = nepali.png; sourceTree = "<group>"; };
		8B9614DC144B1B040015D292 /* FMDatabase.h */ = {isa = PBXFileReference; fileEncoding = 4; lastKnownFileType = sourcecode.c.h; path = FMDatabase.h; sourceTree = "<group>"; };
		8B9614DD144B1B040015D292 /* FMDatabase.m */ = {isa = PBXFileReference; fileEncoding = 4; lastKnownFileType = sourcecode.c.objc; path = FMDatabase.m; sourceTree = "<group>"; };
		8B9614DE144B1B040015D292 /* FMDatabaseAdditions.h */ = {isa = PBXFileReference; fileEncoding = 4; lastKnownFileType = sourcecode.c.h; path = FMDatabaseAdditions.h; sourceTree = "<group>"; };
		8B9614DF144B1B040015D292 /* FMDatabaseAdditions.m */ = {isa = PBXFileReference; fileEncoding = 4; lastKnownFileType = sourcecode.c.objc; path = FMDatabaseAdditions.m; sourceTree = "<group>"; };
		8B9614E1144B1B040015D292 /* FMResultSet.h */ = {isa = PBXFileReference; fileEncoding = 4; lastKnownFileType = sourcecode.c.h; path = FMResultSet.h; sourceTree = "<group>"; };
		8B9614E2144B1B040015D292 /* FMResultSet.m */ = {isa = PBXFileReference; fileEncoding = 4; lastKnownFileType = sourcecode.c.objc; path = FMResultSet.m; sourceTree = "<group>"; };
		8B9614ED144B1B410015D292 /* libsqlite3.0.dylib */ = {isa = PBXFileReference; lastKnownFileType = "compiled.mach-o.dylib"; name = libsqlite3.0.dylib; path = usr/lib/libsqlite3.0.dylib; sourceTree = SDKROOT; };
		8B9614F4144B1CFB0015D292 /* DataBaseController.h */ = {isa = PBXFileReference; fileEncoding = 4; lastKnownFileType = sourcecode.c.h; path = DataBaseController.h; sourceTree = "<group>"; };
		8B9614F5144B1CFB0015D292 /* DataBaseController.m */ = {isa = PBXFileReference; fileEncoding = 4; lastKnownFileType = sourcecode.c.objc; path = DataBaseController.m; sourceTree = "<group>"; };
		8B961618144B45670015D292 /* iSurferDB.db */ = {isa = PBXFileReference; lastKnownFileType = file; path = iSurferDB.db; sourceTree = "<group>"; };
		8BC02C5F13B29199003E41AC /* iSurferAppDelegate.h */ = {isa = PBXFileReference; fileEncoding = 4; lastKnownFileType = sourcecode.c.h; path = iSurferAppDelegate.h; sourceTree = "<group>"; };
		8BC02C6013B29199003E41AC /* iSurferAppDelegate.m */ = {isa = PBXFileReference; fileEncoding = 4; lastKnownFileType = sourcecode.c.objc; path = iSurferAppDelegate.m; sourceTree = "<group>"; };
		8BC02C6313B291C3003E41AC /* AppController.h */ = {isa = PBXFileReference; fileEncoding = 4; lastKnownFileType = sourcecode.c.h; path = AppController.h; sourceTree = "<group>"; };
		8BC02C6413B291C3003E41AC /* AppController.m */ = {isa = PBXFileReference; fileEncoding = 4; lastKnownFileType = sourcecode.c.objc; path = AppController.m; sourceTree = "<group>"; };
		8BC02C9913B2938C003E41AC /* SpashScreenViewController.xib */ = {isa = PBXFileReference; lastKnownFileType = file.xib; path = SpashScreenViewController.xib; sourceTree = "<group>"; };
		8BC02C9A13B2938C003E41AC /* SplashScreenViewController.h */ = {isa = PBXFileReference; fileEncoding = 4; lastKnownFileType = sourcecode.c.h; path = SplashScreenViewController.h; sourceTree = "<group>"; };
		8BC02C9B13B2938C003E41AC /* SplashScreenViewController.m */ = {isa = PBXFileReference; fileEncoding = 4; lastKnownFileType = sourcecode.c.objc; path = SplashScreenViewController.m; sourceTree = "<group>"; };
		8BC02D0413B29C00003E41AC /* BaseViewController.h */ = {isa = PBXFileReference; fileEncoding = 4; lastKnownFileType = sourcecode.c.h; path = BaseViewController.h; sourceTree = "<group>"; };
		8BC02D0513B29C00003E41AC /* BaseViewController.m */ = {isa = PBXFileReference; fileEncoding = 4; lastKnownFileType = sourcecode.c.objc; path = BaseViewController.m; sourceTree = "<group>"; };
		8BDD0A49142427450043741C /* matrix.cpp */ = {isa = PBXFileReference; fileEncoding = 4; lastKnownFileType = sourcecode.cpp.cpp; path = matrix.cpp; sourceTree = "<group>"; };
		8BDD0A4A142427450043741C /* matrix.h */ = {isa = PBXFileReference; fileEncoding = 4; lastKnownFileType = sourcecode.c.h; path = matrix.h; sourceTree = "<group>"; };
		8BDD0A4D142427450043741C /* EAGLView.h */ = {isa = PBXFileReference; fileEncoding = 4; lastKnownFileType = sourcecode.c.h; path = EAGLView.h; sourceTree = "<group>"; };
		8BDD0A4E142427450043741C /* EAGLView.mm */ = {isa = PBXFileReference; fileEncoding = 4; lastKnownFileType = sourcecode.cpp.objcpp; path = EAGLView.mm; sourceTree = "<group>"; };
		8BDD0A4F142427450043741C /* iSurferViewController.h */ = {isa = PBXFileReference; fileEncoding = 4; lastKnownFileType = sourcecode.c.h; path = iSurferViewController.h; sourceTree = "<group>"; };
		8BDD0A50142427450043741C /* iSurferViewController.mm */ = {isa = PBXFileReference; fileEncoding = 4; lastKnownFileType = sourcecode.cpp.objcpp; path = iSurferViewController.mm; sourceTree = "<group>"; };
		8BDD0A631424281B0043741C /* exception.c */ = {isa = PBXFileReference; fileEncoding = 4; lastKnownFileType = sourcecode.c.c; path = exception.c; sourceTree = "<group>"; };
		8BDD0A641424281B0043741C /* exception.h */ = {isa = PBXFileReference; fileEncoding = 4; lastKnownFileType = sourcecode.c.h; path = exception.h; sourceTree = "<group>"; };
		8BDD0A651424281B0043741C /* exp.c */ = {isa = PBXFileReference; fileEncoding = 4; lastKnownFileType = sourcecode.c.c; path = exp.c; sourceTree = "<group>"; };
		8BDD0A661424281B0043741C /* exp.h */ = {isa = PBXFileReference; fileEncoding = 4; lastKnownFileType = sourcecode.c.h; path = exp.h; sourceTree = "<group>"; };
		8BDD0A671424281B0043741C /* gcalloc.h */ = {isa = PBXFileReference; fileEncoding = 4; lastKnownFileType = sourcecode.c.h; path = gcalloc.h; sourceTree = "<group>"; };
		8BDD0A681424281B0043741C /* genlib.c */ = {isa = PBXFileReference; fileEncoding = 4; lastKnownFileType = sourcecode.c.c; path = genlib.c; sourceTree = "<group>"; };
		8BDD0A691424281B0043741C /* genlib.h */ = {isa = PBXFileReference; fileEncoding = 4; lastKnownFileType = sourcecode.c.h; path = genlib.h; sourceTree = "<group>"; };
		8BDD0A6A1424281B0043741C /* parser.c */ = {isa = PBXFileReference; fileEncoding = 4; lastKnownFileType = sourcecode.c.c; path = parser.c; sourceTree = "<group>"; };
		8BDD0A6B1424281B0043741C /* parser.h */ = {isa = PBXFileReference; fileEncoding = 4; lastKnownFileType = sourcecode.c.h; path = parser.h; sourceTree = "<group>"; };
		8BDD0A6C1424281B0043741C /* scanadt.c */ = {isa = PBXFileReference; fileEncoding = 4; lastKnownFileType = sourcecode.c.c; path = scanadt.c; sourceTree = "<group>"; };
		8BDD0A6D1424281B0043741C /* scanadt.h */ = {isa = PBXFileReference; fileEncoding = 4; lastKnownFileType = sourcecode.c.h; path = scanadt.h; sourceTree = "<group>"; };
		8BDD0A6E1424281B0043741C /* simpio.c */ = {isa = PBXFileReference; fileEncoding = 4; lastKnownFileType = sourcecode.c.c; path = simpio.c; sourceTree = "<group>"; };
		8BDD0A6F1424281B0043741C /* simpio.h */ = {isa = PBXFileReference; fileEncoding = 4; lastKnownFileType = sourcecode.c.h; path = simpio.h; sourceTree = "<group>"; };
		8BDD0A701424281B0043741C /* strlib.c */ = {isa = PBXFileReference; fileEncoding = 4; lastKnownFileType = sourcecode.c.c; path = strlib.c; sourceTree = "<group>"; };
		8BDD0A711424281B0043741C /* strlib.h */ = {isa = PBXFileReference; fileEncoding = 4; lastKnownFileType = sourcecode.c.h; path = strlib.h; sourceTree = "<group>"; };
		8BDD0A851424283E0043741C /* OpenGLES.framework */ = {isa = PBXFileReference; lastKnownFileType = wrapper.framework; name = OpenGLES.framework; path = System/Library/Frameworks/OpenGLES.framework; sourceTree = SDKROOT; };
		8BDD0B3B142431D50043741C /* fs1.glsl */ = {isa = PBXFileReference; fileEncoding = 4; lastKnownFileType = text; path = fs1.glsl; sourceTree = "<group>"; xcLanguageSpecificationIdentifier = xcode.lang.glsl; };
		8BDD0B3C142431D50043741C /* fs2.glsl */ = {isa = PBXFileReference; fileEncoding = 4; lastKnownFileType = text; path = fs2.glsl; sourceTree = "<group>"; };
		8BDD0B3D142431D50043741C /* vs1.glsl */ = {isa = PBXFileReference; fileEncoding = 4; lastKnownFileType = text; path = vs1.glsl; sourceTree = "<group>"; };
		8BDD0B3E142431D50043741C /* vs2.glsl */ = {isa = PBXFileReference; fileEncoding = 4; lastKnownFileType = text; path = vs2.glsl; sourceTree = "<group>"; };
		8BF0D10E15604E8E006E4085 /* ImageDescriptionViewController.h */ = {isa = PBXFileReference; fileEncoding = 4; lastKnownFileType = sourcecode.c.h; path = ImageDescriptionViewController.h; sourceTree = "<group>"; };
		8BF0D10F15604E8E006E4085 /* ImageDescriptionViewController.m */ = {isa = PBXFileReference; fileEncoding = 4; lastKnownFileType = sourcecode.c.objc; path = ImageDescriptionViewController.m; sourceTree = "<group>"; };
		8D1107310486CEB800E47090 /* iSurfer-Info.plist */ = {isa = PBXFileReference; fileEncoding = 4; lastKnownFileType = text.plist.xml; path = "iSurfer-Info.plist"; plistStructureDefinitionIdentifier = "com.apple.xcode.plist.structure-definition.iphone.info-plist"; sourceTree = "<group>"; };
		B59EB95913D0908100AD9F7C /* Button1_off.png */ = {isa = PBXFileReference; lastKnownFileType = image.png; name = Button1_off.png; path = ../Arte/Button1_off.png; sourceTree = SOURCE_ROOT; };
		B59EB95A13D0908100AD9F7C /* Button1_on.png */ = {isa = PBXFileReference; lastKnownFileType = image.png; name = Button1_on.png; path = ../Arte/Button1_on.png; sourceTree = SOURCE_ROOT; };
		B59EB95B13D0908100AD9F7C /* Button2_off.png */ = {isa = PBXFileReference; lastKnownFileType = image.png; name = Button2_off.png; path = ../Arte/Button2_off.png; sourceTree = SOURCE_ROOT; };
		B59EB95C13D0908100AD9F7C /* Button2_on.png */ = {isa = PBXFileReference; lastKnownFileType = image.png; name = Button2_on.png; path = ../Arte/Button2_on.png; sourceTree = SOURCE_ROOT; };
		B59EB95D13D0908100AD9F7C /* Button3_off.png */ = {isa = PBXFileReference; lastKnownFileType = image.png; name = Button3_off.png; path = ../Arte/Button3_off.png; sourceTree = SOURCE_ROOT; };
		B59EB95E13D0908100AD9F7C /* Button3_on.png */ = {isa = PBXFileReference; lastKnownFileType = image.png; name = Button3_on.png; path = ../Arte/Button3_on.png; sourceTree = SOURCE_ROOT; };
		B5DFEBD415A8BBA000203B41 /* ImageDescriptionViewController.xib */ = {isa = PBXFileReference; fileEncoding = 4; lastKnownFileType = file.xib; path = ImageDescriptionViewController.xib; sourceTree = "<group>"; };
/* End PBXFileReference section */

/* Begin PBXFrameworksBuildPhase section */
		1D60588F0D05DD3D006BFB54 /* Frameworks */ = {
			isa = PBXFrameworksBuildPhase;
			buildActionMask = 2147483647;
			files = (
				1D60589F0D05DD5A006BFB54 /* Foundation.framework in Frameworks */,
				1DF5F4E00D08C38300B7A737 /* UIKit.framework in Frameworks */,
				288765FD0DF74451002DB57D /* CoreGraphics.framework in Frameworks */,
				8B7F61F113C27E990098948F /* MediaPlayer.framework in Frameworks */,
				8B78325513E9F85B00CE30A8 /* QuartzCore.framework in Frameworks */,
				8BDD0A861424283E0043741C /* OpenGLES.framework in Frameworks */,
				8B9614EE144B1B410015D292 /* libsqlite3.0.dylib in Frameworks */,
			);
			runOnlyForDeploymentPostprocessing = 0;
		};
/* End PBXFrameworksBuildPhase section */

/* Begin PBXGroup section */
		080E96DDFE201D6D7F000001 /* Classes */ = {
			isa = PBXGroup;
			children = (
				8B9114CE14BF861400BEAF27 /* utils */,
				8B9614DA144B1B040015D292 /* dataBase */,
				8B29F98413D3C6B000EDB516 /* modelObjects */,
				8BC02C7A13B292B3003E41AC /* viewControllers */,
				8BC02C6213B291A4003E41AC /* appController */,
				8BC02C5E13B29199003E41AC /* appDelegate */,
				8B891CBC13BABC5600EE4BC7 /* AppConfig.h */,
			);
			path = Classes;
			sourceTree = "<group>";
		};
		19C28FACFE9D520D11CA2CBB /* Products */ = {
			isa = PBXGroup;
			children = (
				1D6058910D05DD3D006BFB54 /* iSurfer.app */,
			);
			name = Products;
			sourceTree = "<group>";
		};
		29B97314FDCFA39411CA2CEA /* CustomTemplate */ = {
			isa = PBXGroup;
			children = (
				080E96DDFE201D6D7F000001 /* Classes */,
				29B97315FDCFA39411CA2CEA /* Other Sources */,
				29B97317FDCFA39411CA2CEA /* Resources */,
				29B97323FDCFA39411CA2CEA /* Frameworks */,
				19C28FACFE9D520D11CA2CBB /* Products */,
			);
			name = CustomTemplate;
			sourceTree = "<group>";
		};
		29B97315FDCFA39411CA2CEA /* Other Sources */ = {
			isa = PBXGroup;
			children = (
				32CA4F630368D1EE00C91783 /* iSurfer_Prefix.pch */,
				29B97316FDCFA39411CA2CEA /* main.m */,
			);
			name = "Other Sources";
			sourceTree = "<group>";
		};
		29B97317FDCFA39411CA2CEA /* Resources */ = {
			isa = PBXGroup;
			children = (
				8B9114D414BF946C00BEAF27 /* staticSurfaces */,
				8BDD0B36142431C40043741C /* shaders */,
				8B891CB113BA990B00EE4BC7 /* images */,
				8B891C9C13BA982700EE4BC7 /* buttons */,
				28AD733E0D9D9553002E5188 /* MainWindow.xib */,
				8D1107310486CEB800E47090 /* iSurfer-Info.plist */,
				8B9114CB14BF849D00BEAF27 /* Localizable.strings */,
			);
			name = Resources;
			sourceTree = "<group>";
		};
		29B97323FDCFA39411CA2CEA /* Frameworks */ = {
			isa = PBXGroup;
			children = (
				1DF5F4DF0D08C38300B7A737 /* UIKit.framework */,
				1D30AB110D05D00D00671497 /* Foundation.framework */,
				288765FC0DF74451002DB57D /* CoreGraphics.framework */,
				8B7F61F013C27E990098948F /* MediaPlayer.framework */,
				8B78325413E9F85B00CE30A8 /* QuartzCore.framework */,
				8BDD0A851424283E0043741C /* OpenGLES.framework */,
				8B9614ED144B1B410015D292 /* libsqlite3.0.dylib */,
			);
			name = Frameworks;
			sourceTree = "<group>";
		};
		3308B1651533EC87001E853F /* Engine */ = {
			isa = PBXGroup;
			children = (
				330252961537970900EA2425 /* TrackBall.h */,
				330252971537970900EA2425 /* TrackBall.m */,
				3308B1661533EC87001E853F /* ApplicationEngine.ParametricViewer.cpp */,
				3308B1671533EC87001E853F /* Interfaces.hpp */,
				3308B1681533EC87001E853F /* Matrix.hpp */,
				3308B1691533EC87001E853F /* ParametricEquations.hpp */,
				3308B16A1533EC87001E853F /* ParametricSurface.cpp */,
				3308B16B1533EC87001E853F /* ParametricSurface.hpp */,
				3308B16C1533EC87001E853F /* Quaternion.hpp */,
				3308B16D1533EC87001E853F /* RenderingEngine.SolidES2.cpp */,
				3308B16E1533EC87001E853F /* Vector.hpp */,
			);
			path = Engine;
			sourceTree = "<group>";
		};
		3308B16F1533EC87001E853F /* Surface */ = {
			isa = PBXGroup;
			children = (
				3308B1701533EC87001E853F /* Compiler.cpp */,
				3308B1711533EC87001E853F /* Compiler.hpp */,
				3308B1721533EC87001E853F /* error.cpp */,
				3308B1731533EC87001E853F /* error.hpp */,
				3308B1741533EC87001E853F /* programData.cpp */,
				3308B1751533EC87001E853F /* programData.hpp */,
				3308B1761533EC87001E853F /* surfaceRender.cpp */,
				3308B1771533EC87001E853F /* surfaceRender.h */,
			);
			path = Surface;
			sourceTree = "<group>";
		};
		5EDA315115E2FD2600F7BC06 /* mainScreen */ = {
			isa = PBXGroup;
			children = (
				5EDA316715E3016400F7BC06 /* button-save.png */,
				5EDA316315E2FF0200F7BC06 /* button-settings-not-active.png */,
				5EDA316415E2FF0200F7BC06 /* button-settings-not-active@2x.png */,
				5EDA315F15E2FDC800F7BC06 /* button-render-active.png */,
				5EDA316015E2FDC800F7BC06 /* button-render-active@2x.png */,
				5EDA315B15E2FDB600F7BC06 /* button-color.png */,
				5EDA315C15E2FDB600F7BC06 /* button-color@2x.png */,
				5EDA315715E2FD7F00F7BC06 /* button-galleries-not-active.png */,
				5EDA315815E2FD7F00F7BC06 /* button-galleries-not-active@2x.png */,
				5EDA315315E2FD6400F7BC06 /* button-share.png */,
				5EDA315415E2FD6400F7BC06 /* button-share@2x.png */,
			);
			path = mainScreen;
			sourceTree = "<group>";
		};
		8B29F94613D3A20E00EDB516 /* addGalleryViewController */ = {
			isa = PBXGroup;
			children = (
				8B29F94713D3A20E00EDB516 /* AddNewGalleryViewController.h */,
				8B29F94813D3A20E00EDB516 /* AddNewGalleryViewController.m */,
				8B29F94913D3A20E00EDB516 /* AddNewGalleryViewController.xib */,
			);
			path = addGalleryViewController;
			sourceTree = "<group>";
		};
		8B29F98413D3C6B000EDB516 /* modelObjects */ = {
			isa = PBXGroup;
			children = (
				8B29F98513D3C6BE00EDB516 /* Gallery.h */,
				8B29F98613D3C6BE00EDB516 /* Gallery.m */,
				8B29FAB013D4F30C00EDB516 /* AlgebraicSurface.h */,
				8B29FAB113D4F30C00EDB516 /* AlgebraicSurface.m */,
			);
			path = modelObjects;
			sourceTree = "<group>";
		};
		8B29FA4213D4E97700EDB516 /* galleryViewController */ = {
			isa = PBXGroup;
			children = (
				8B29FB4213D4FF9200EDB516 /* surfaceCellView */,
				8B29FA4313D4E98800EDB516 /* GalleryViewController.h */,
				8B29FA4413D4E98800EDB516 /* GalleryViewController.m */,
				8B29FA4613D4E99700EDB516 /* GalleryViewController.xib */,
			);
			path = galleryViewController;
			sourceTree = "<group>";
		};
		8B29FB4213D4FF9200EDB516 /* surfaceCellView */ = {
			isa = PBXGroup;
			children = (
				8B29FB4313D4FF9B00EDB516 /* SurfaceCellView.h */,
				8B29FB4413D4FF9B00EDB516 /* SurfaceCellView.m */,
				8B29FB4613D4FFA600EDB516 /* SurfaceCellView.xib */,
			);
			path = surfaceCellView;
			sourceTree = "<group>";
		};
		8B29FCFA13D654C900EDB516 /* saveAlgebraicSurfaceViewController */ = {
			isa = PBXGroup;
			children = (
				8B29FCFB13D654DC00EDB516 /* SaveAlgebraicSurfaceViewController.h */,
				8B29FCFC13D654DC00EDB516 /* SaveAlgebraicSurfaceViewController.m */,
				8B29FCFE13D654EC00EDB516 /* SaveAlgebraicSurfaceViewController.xib */,
			);
			path = saveAlgebraicSurfaceViewController;
			sourceTree = "<group>";
		};
		8B3080EA13BBEBDD00EA792E /* goiSurferViewController */ = {
			isa = PBXGroup;
			children = (
				8BDD0A601424280B0043741C /* parser */,
				8BDD0A45142426FF0043741C /* openGLController */,
				8B3080F313BBEC6900EA792E /* GoiSurferViewController.h */,
				8B3080F413BBEC6900EA792E /* GoiSurferViewController.mm */,
				8B3080F913BBECA900EA792E /* GoiSurferViewController.xib */,
			);
			path = goiSurferViewController;
			sourceTree = "<group>";
		};
		8B3080EB13BBEBFA00EA792E /* myGalleriesViewController */ = {
			isa = PBXGroup;
			children = (
				8B29F94613D3A20E00EDB516 /* addGalleryViewController */,
				8B3081B313BC015700EA792E /* myGalleryTableCellView */,
				8B3080F613BBEC7D00EA792E /* MyGalleriesViewController.h */,
				8B3080F713BBEC7D00EA792E /* MyGalleriesViewController.m */,
				8B3080FB13BBECB700EA792E /* MyGalleriesViewController.xib */,
			);
			path = myGalleriesViewController;
			sourceTree = "<group>";
		};
		8B3081B313BC015700EA792E /* myGalleryTableCellView */ = {
			isa = PBXGroup;
			children = (
				8B30823913BD270400EA792E /* MyGalleryTableViewCell.h */,
				8B30823A13BD270400EA792E /* MyGalleryTableViewCell.m */,
				8B30823C13BD271300EA792E /* MyGalleryTableViewCell.xib */,
			);
			path = myGalleryTableCellView;
			sourceTree = "<group>";
		};
		8B30820013BC185C00EA792E /* helpViewController */ = {
			isa = PBXGroup;
			children = (
				8B30820113BC185C00EA792E /* HelpViewController.h */,
				8B30820213BC185C00EA792E /* HelpViewController.m */,
				8B30820313BC185C00EA792E /* HelpViewController.xib */,
			);
			path = helpViewController;
			sourceTree = "<group>";
		};
		8B68A37B13B802FA00EC98B5 /* mainMenuViewController */ = {
			isa = PBXGroup;
			children = (
				8B68A37C13B8031200EC98B5 /* MainMenuViewController.h */,
				8B68A37D13B8031200EC98B5 /* MainMenuViewController.m */,
				8B891C8113BA95AC00EE4BC7 /* MainMenuViewController.xib */,
			);
			path = mainMenuViewController;
			sourceTree = "<group>";
		};
		8B891C9C13BA982700EE4BC7 /* buttons */ = {
			isa = PBXGroup;
			children = (
				B59EB95913D0908100AD9F7C /* Button1_off.png */,
				B59EB95A13D0908100AD9F7C /* Button1_on.png */,
				B59EB95B13D0908100AD9F7C /* Button2_off.png */,
				B59EB95C13D0908100AD9F7C /* Button2_on.png */,
				B59EB95D13D0908100AD9F7C /* Button3_off.png */,
				B59EB95E13D0908100AD9F7C /* Button3_on.png */,
				8B43075313C8FFD8004812EE /* done_down.png */,
				8B43075413C8FFD8004812EE /* done_up.png */,
			);
			name = buttons;
			path = resources/buttons;
			sourceTree = "<group>";
		};
		8B891CB113BA990B00EE4BC7 /* images */ = {
			isa = PBXGroup;
			children = (
				5EDA315115E2FD2600F7BC06 /* mainScreen */,
				8B29FD0713D6685600EDB516 /* Black Line.png */,
				8B43078313C903B3004812EE /* goSurfer_background.png */,
				8B43078413C903B3004812EE /* green wallpaper.JPG */,
				8B43078513C903B3004812EE /* iPhone-Wallpapers-4-parquet (1).jpg */,
				8B43078613C903B3004812EE /* iPhone-Wallpapers-4-parquet.jpg */,
				8B43078713C903B3004812EE /* lit_12203IS153043143.jpg */,
				8B43061113C7BFEC004812EE /* facebook_icon.png */,
				8B43061213C7BFEC004812EE /* Logo-twitter.png */,
				8B7F64C813C55C840098948F /* black_bar2.png */,
				8B891CB213BA992B00EE4BC7 /* Imaginary lemon.jpg */,
			);
			name = images;
			path = resources/images;
			sourceTree = "<group>";
		};
		8B9114CE14BF861400BEAF27 /* utils */ = {
			isa = PBXGroup;
			children = (
				8B9114CF14BF862600BEAF27 /* Language.h */,
				8B9114D014BF862600BEAF27 /* Language.m */,
			);
			path = utils;
			sourceTree = "<group>";
		};
		8B9114D414BF946C00BEAF27 /* staticSurfaces */ = {
			isa = PBXGroup;
			children = (
				8B9114D514BF946C00BEAF27 /* lemon.png */,
				8B9114D614BF946C00BEAF27 /* nepali.png */,
			);
			name = staticSurfaces;
			path = resources/staticSurfaces;
			sourceTree = "<group>";
		};
		8B9614DA144B1B040015D292 /* dataBase */ = {
			isa = PBXGroup;
			children = (
				8B961618144B45670015D292 /* iSurferDB.db */,
				8B9614F4144B1CFB0015D292 /* DataBaseController.h */,
				8B9614F5144B1CFB0015D292 /* DataBaseController.m */,
				8B9614DB144B1B040015D292 /* FMDB */,
			);
			path = dataBase;
			sourceTree = "<group>";
		};
		8B9614DB144B1B040015D292 /* FMDB */ = {
			isa = PBXGroup;
			children = (
				8B9614DC144B1B040015D292 /* FMDatabase.h */,
				8B9614DD144B1B040015D292 /* FMDatabase.m */,
				8B9614DE144B1B040015D292 /* FMDatabaseAdditions.h */,
				8B9614DF144B1B040015D292 /* FMDatabaseAdditions.m */,
				8B9614E1144B1B040015D292 /* FMResultSet.h */,
				8B9614E2144B1B040015D292 /* FMResultSet.m */,
			);
			path = FMDB;
			sourceTree = "<group>";
		};
		8BC02C5E13B29199003E41AC /* appDelegate */ = {
			isa = PBXGroup;
			children = (
				8BC02C5F13B29199003E41AC /* iSurferAppDelegate.h */,
				8BC02C6013B29199003E41AC /* iSurferAppDelegate.m */,
			);
			path = appDelegate;
			sourceTree = "<group>";
		};
		8BC02C6213B291A4003E41AC /* appController */ = {
			isa = PBXGroup;
			children = (
				8BC02C6313B291C3003E41AC /* AppController.h */,
				8BC02C6413B291C3003E41AC /* AppController.m */,
			);
			path = appController;
			sourceTree = "<group>";
		};
		8BC02C7A13B292B3003E41AC /* viewControllers */ = {
			isa = PBXGroup;
			children = (
				8BF0D10D15604E8E006E4085 /* imageDescriptionViewController */,
				8BC02C9813B2938C003E41AC /* splashScreenViewController */,
				8B29FCFA13D654C900EDB516 /* saveAlgebraicSurfaceViewController */,
				8B29FA4213D4E97700EDB516 /* galleryViewController */,
				8B30820013BC185C00EA792E /* helpViewController */,
				8B3080EB13BBEBFA00EA792E /* myGalleriesViewController */,
				8B3080EA13BBEBDD00EA792E /* goiSurferViewController */,
				8B68A37B13B802FA00EC98B5 /* mainMenuViewController */,
				8B7F61B113C27DFE0098948F /* VideoViewController.h */,
				8B7F61B213C27DFE0098948F /* VideoViewController.m */,
				8BC02D0413B29C00003E41AC /* BaseViewController.h */,
				8BC02D0513B29C00003E41AC /* BaseViewController.m */,
			);
			path = viewControllers;
			sourceTree = "<group>";
		};
		8BC02C9813B2938C003E41AC /* splashScreenViewController */ = {
			isa = PBXGroup;
			children = (
				8BC02C9913B2938C003E41AC /* SpashScreenViewController.xib */,
				8BC02C9A13B2938C003E41AC /* SplashScreenViewController.h */,
				8BC02C9B13B2938C003E41AC /* SplashScreenViewController.m */,
			);
			path = splashScreenViewController;
			sourceTree = "<group>";
		};
		8BDD0A45142426FF0043741C /* openGLController */ = {
			isa = PBXGroup;
			children = (
				3308B1651533EC87001E853F /* Engine */,
				3308B16F1533EC87001E853F /* Surface */,
				8BDD0A49142427450043741C /* matrix.cpp */,
				8BDD0A4A142427450043741C /* matrix.h */,
				8BDD0A4D142427450043741C /* EAGLView.h */,
				8BDD0A4E142427450043741C /* EAGLView.mm */,
				8BDD0A4F142427450043741C /* iSurferViewController.h */,
				8BDD0A50142427450043741C /* iSurferViewController.mm */,
			);
			path = openGLController;
			sourceTree = "<group>";
		};
		8BDD0A601424280B0043741C /* parser */ = {
			isa = PBXGroup;
			children = (
				8BDD0A631424281B0043741C /* exception.c */,
				8BDD0A641424281B0043741C /* exception.h */,
				8BDD0A651424281B0043741C /* exp.c */,
				8BDD0A661424281B0043741C /* exp.h */,
				8BDD0A671424281B0043741C /* gcalloc.h */,
				8BDD0A681424281B0043741C /* genlib.c */,
				8BDD0A691424281B0043741C /* genlib.h */,
				8BDD0A6A1424281B0043741C /* parser.c */,
				8BDD0A6B1424281B0043741C /* parser.h */,
				8BDD0A6C1424281B0043741C /* scanadt.c */,
				8BDD0A6D1424281B0043741C /* scanadt.h */,
				8BDD0A6E1424281B0043741C /* simpio.c */,
				8BDD0A6F1424281B0043741C /* simpio.h */,
				8BDD0A701424281B0043741C /* strlib.c */,
				8BDD0A711424281B0043741C /* strlib.h */,
			);
			path = parser;
			sourceTree = "<group>";
		};
		8BDD0B36142431C40043741C /* shaders */ = {
			isa = PBXGroup;
			children = (
				8BDD0B3B142431D50043741C /* fs1.glsl */,
				8BDD0B3C142431D50043741C /* fs2.glsl */,
				8BDD0B3D142431D50043741C /* vs1.glsl */,
				8BDD0B3E142431D50043741C /* vs2.glsl */,
			);
			name = shaders;
			path = resources/shaders;
			sourceTree = "<group>";
		};
		8BF0D10D15604E8E006E4085 /* imageDescriptionViewController */ = {
			isa = PBXGroup;
			children = (
				8BF0D10E15604E8E006E4085 /* ImageDescriptionViewController.h */,
				8BF0D10F15604E8E006E4085 /* ImageDescriptionViewController.m */,
				B5DFEBD415A8BBA000203B41 /* ImageDescriptionViewController.xib */,
			);
			path = imageDescriptionViewController;
			sourceTree = "<group>";
		};
/* End PBXGroup section */

/* Begin PBXNativeTarget section */
		1D6058900D05DD3D006BFB54 /* iSurfer */ = {
			isa = PBXNativeTarget;
			buildConfigurationList = 1D6058960D05DD3E006BFB54 /* Build configuration list for PBXNativeTarget "iSurfer" */;
			buildPhases = (
				1D60588D0D05DD3D006BFB54 /* Resources */,
				1D60588E0D05DD3D006BFB54 /* Sources */,
				1D60588F0D05DD3D006BFB54 /* Frameworks */,
			);
			buildRules = (
			);
			dependencies = (
			);
			name = iSurfer;
			productName = iSurfer;
			productReference = 1D6058910D05DD3D006BFB54 /* iSurfer.app */;
			productType = "com.apple.product-type.application";
		};
/* End PBXNativeTarget section */

/* Begin PBXProject section */
		29B97313FDCFA39411CA2CEA /* Project object */ = {
			isa = PBXProject;
			attributes = {
				LastUpgradeCheck = 0430;
			};
			buildConfigurationList = C01FCF4E08A954540054247B /* Build configuration list for PBXProject "iSurfer" */;
			compatibilityVersion = "Xcode 3.2";
			developmentRegion = English;
			hasScannedForEncodings = 1;
			knownRegions = (
				English,
				Japanese,
				French,
				German,
				en,
				es,
			);
			mainGroup = 29B97314FDCFA39411CA2CEA /* CustomTemplate */;
			projectDirPath = "";
			projectRoot = "";
			targets = (
				1D6058900D05DD3D006BFB54 /* iSurfer */,
			);
		};
/* End PBXProject section */

/* Begin PBXResourcesBuildPhase section */
		1D60588D0D05DD3D006BFB54 /* Resources */ = {
			isa = PBXResourcesBuildPhase;
			buildActionMask = 2147483647;
			files = (
				28AD733F0D9D9553002E5188 /* MainWindow.xib in Resources */,
				8BC02C9C13B2938C003E41AC /* SpashScreenViewController.xib in Resources */,
				8B891C8213BA95AC00EE4BC7 /* MainMenuViewController.xib in Resources */,
				8B891CB313BA992B00EE4BC7 /* Imaginary lemon.jpg in Resources */,
				8B3080FA13BBECA900EA792E /* GoiSurferViewController.xib in Resources */,
				8B3080FC13BBECB700EA792E /* MyGalleriesViewController.xib in Resources */,
				8B30820513BC185C00EA792E /* HelpViewController.xib in Resources */,
				8B30823D13BD271300EA792E /* MyGalleryTableViewCell.xib in Resources */,
				8B7F64C913C55C840098948F /* black_bar2.png in Resources */,
				8B43061313C7BFEC004812EE /* facebook_icon.png in Resources */,
				8B43061413C7BFEC004812EE /* Logo-twitter.png in Resources */,
				8B43075513C8FFD8004812EE /* done_down.png in Resources */,
				8B43075613C8FFD8004812EE /* done_up.png in Resources */,
				8B43078813C903B3004812EE /* goSurfer_background.png in Resources */,
				8B43078913C903B3004812EE /* green wallpaper.JPG in Resources */,
				8B43078A13C903B3004812EE /* iPhone-Wallpapers-4-parquet (1).jpg in Resources */,
				8B43078B13C903B3004812EE /* iPhone-Wallpapers-4-parquet.jpg in Resources */,
				8B43078C13C903B3004812EE /* lit_12203IS153043143.jpg in Resources */,
				B59EB95F13D0908100AD9F7C /* Button1_off.png in Resources */,
				B59EB96013D0908100AD9F7C /* Button1_on.png in Resources */,
				B59EB96113D0908100AD9F7C /* Button2_off.png in Resources */,
				B59EB96213D0908100AD9F7C /* Button2_on.png in Resources */,
				B59EB96313D0908100AD9F7C /* Button3_off.png in Resources */,
				B59EB96413D0908100AD9F7C /* Button3_on.png in Resources */,
				8B29F94B13D3A20E00EDB516 /* AddNewGalleryViewController.xib in Resources */,
				8B29FA4713D4E99700EDB516 /* GalleryViewController.xib in Resources */,
				8B29FB4713D4FFA600EDB516 /* SurfaceCellView.xib in Resources */,
				8B29FCFF13D654EC00EDB516 /* SaveAlgebraicSurfaceViewController.xib in Resources */,
				8B29FD0813D6685600EDB516 /* Black Line.png in Resources */,
				8BDD0B3F142431D50043741C /* fs1.glsl in Resources */,
				8BDD0B40142431D50043741C /* fs2.glsl in Resources */,
				8BDD0B41142431D50043741C /* vs1.glsl in Resources */,
				8BDD0B42142431D50043741C /* vs2.glsl in Resources */,
				8B961619144B45670015D292 /* iSurferDB.db in Resources */,
				8B9114CD14BF849D00BEAF27 /* Localizable.strings in Resources */,
				8B9114D714BF946C00BEAF27 /* lemon.png in Resources */,
				8B9114D814BF946C00BEAF27 /* nepali.png in Resources */,
				B5DFEBD515A8BBA000203B41 /* ImageDescriptionViewController.xib in Resources */,
				5EDA315515E2FD6400F7BC06 /* button-share.png in Resources */,
				5EDA315615E2FD6400F7BC06 /* button-share@2x.png in Resources */,
				5EDA315915E2FD7F00F7BC06 /* button-galleries-not-active.png in Resources */,
				5EDA315A15E2FD7F00F7BC06 /* button-galleries-not-active@2x.png in Resources */,
				5EDA315D15E2FDB600F7BC06 /* button-color.png in Resources */,
				5EDA315E15E2FDB600F7BC06 /* button-color@2x.png in Resources */,
				5EDA316115E2FDC800F7BC06 /* button-render-active.png in Resources */,
				5EDA316215E2FDC800F7BC06 /* button-render-active@2x.png in Resources */,
				5EDA316515E2FF0200F7BC06 /* button-settings-not-active.png in Resources */,
				5EDA316615E2FF0200F7BC06 /* button-settings-not-active@2x.png in Resources */,
				5EDA316815E3016400F7BC06 /* button-save.png in Resources */,
			);
			runOnlyForDeploymentPostprocessing = 0;
		};
/* End PBXResourcesBuildPhase section */

/* Begin PBXSourcesBuildPhase section */
		1D60588E0D05DD3D006BFB54 /* Sources */ = {
			isa = PBXSourcesBuildPhase;
			buildActionMask = 2147483647;
			files = (
				1D60589B0D05DD56006BFB54 /* main.m in Sources */,
				8BC02C6113B29199003E41AC /* iSurferAppDelegate.m in Sources */,
				8BC02C6513B291C3003E41AC /* AppController.m in Sources */,
				8BC02C9D13B2938C003E41AC /* SplashScreenViewController.m in Sources */,
				8BC02D0613B29C00003E41AC /* BaseViewController.m in Sources */,
				8B68A37E13B8031200EC98B5 /* MainMenuViewController.m in Sources */,
				8B3080F513BBEC6900EA792E /* GoiSurferViewController.mm in Sources */,
				8B3080F813BBEC7D00EA792E /* MyGalleriesViewController.m in Sources */,
				8B30820413BC185C00EA792E /* HelpViewController.m in Sources */,
				8B30823B13BD270400EA792E /* MyGalleryTableViewCell.m in Sources */,
				8B7F61B313C27DFE0098948F /* VideoViewController.m in Sources */,
				8B29F94A13D3A20E00EDB516 /* AddNewGalleryViewController.m in Sources */,
				8B29F98713D3C6BE00EDB516 /* Gallery.m in Sources */,
				8B29FA4513D4E98800EDB516 /* GalleryViewController.m in Sources */,
				8B29FAB213D4F30C00EDB516 /* AlgebraicSurface.m in Sources */,
				8B29FB4513D4FF9B00EDB516 /* SurfaceCellView.m in Sources */,
				8B29FCFD13D654DC00EDB516 /* SaveAlgebraicSurfaceViewController.m in Sources */,
				8BDD0A51142427450043741C /* matrix.cpp in Sources */,
				8BDD0A53142427450043741C /* EAGLView.mm in Sources */,
				8BDD0A54142427450043741C /* iSurferViewController.mm in Sources */,
				8BDD0A721424281B0043741C /* exception.c in Sources */,
				8BDD0A731424281B0043741C /* exp.c in Sources */,
				8BDD0A741424281B0043741C /* genlib.c in Sources */,
				8BDD0A751424281B0043741C /* parser.c in Sources */,
				8BDD0A761424281B0043741C /* scanadt.c in Sources */,
				8BDD0A771424281B0043741C /* simpio.c in Sources */,
				8BDD0A781424281B0043741C /* strlib.c in Sources */,
				8B9614E3144B1B040015D292 /* FMDatabase.m in Sources */,
				8B9614E4144B1B040015D292 /* FMDatabaseAdditions.m in Sources */,
				8B9614E6144B1B040015D292 /* FMResultSet.m in Sources */,
				8B9614F6144B1CFB0015D292 /* DataBaseController.m in Sources */,
				8B9114D114BF862600BEAF27 /* Language.m in Sources */,
				3308B1781533EC87001E853F /* ApplicationEngine.ParametricViewer.cpp in Sources */,
				3308B1791533EC87001E853F /* ParametricSurface.cpp in Sources */,
				3308B17A1533EC87001E853F /* RenderingEngine.SolidES2.cpp in Sources */,
				3308B17B1533EC87001E853F /* Compiler.cpp in Sources */,
				3308B17C1533EC87001E853F /* error.cpp in Sources */,
				3308B17D1533EC87001E853F /* programData.cpp in Sources */,
				3308B17E1533EC87001E853F /* surfaceRender.cpp in Sources */,
				330252981537970900EA2425 /* TrackBall.m in Sources */,
				8BF0D11115604E8E006E4085 /* ImageDescriptionViewController.m in Sources */,
			);
			runOnlyForDeploymentPostprocessing = 0;
		};
/* End PBXSourcesBuildPhase section */

/* Begin PBXVariantGroup section */
		8B9114CB14BF849D00BEAF27 /* Localizable.strings */ = {
			isa = PBXVariantGroup;
			children = (
				8B9114CC14BF849D00BEAF27 /* en */,
				8B9114D214BF87B800BEAF27 /* es */,
			);
			name = Localizable.strings;
			sourceTree = "<group>";
		};
/* End PBXVariantGroup section */

/* Begin XCBuildConfiguration section */
		1D6058940D05DD3E006BFB54 /* Debug */ = {
			isa = XCBuildConfiguration;
			buildSettings = {
				ALWAYS_SEARCH_USER_PATHS = NO;
				"CODE_SIGN_IDENTITY[sdk=iphoneos*]" = "iPhone Developer: Damian Modernell (U8CX6D8PSW)";
				COPY_PHASE_STRIP = NO;
				GCC_DYNAMIC_NO_PIC = NO;
				GCC_OPTIMIZATION_LEVEL = 0;
				GCC_PRECOMPILE_PREFIX_HEADER = YES;
				GCC_PREFIX_HEADER = iSurfer_Prefix.pch;
				GCC_VERSION = "";
				INFOPLIST_FILE = "iSurfer-Info.plist";
				IPHONEOS_DEPLOYMENT_TARGET = 4.0;
				PRODUCT_NAME = iSurfer;
				"PROVISIONING_PROFILE[sdk=iphoneos*]" = "E3DE1026-3E5E-4F77-A49D-CAFE2752E4D7";
			};
			name = Debug;
		};
		1D6058950D05DD3E006BFB54 /* Release */ = {
			isa = XCBuildConfiguration;
			buildSettings = {
				ALWAYS_SEARCH_USER_PATHS = NO;
				COPY_PHASE_STRIP = YES;
				GCC_PRECOMPILE_PREFIX_HEADER = YES;
				GCC_PREFIX_HEADER = iSurfer_Prefix.pch;
				GCC_VERSION = "";
				INFOPLIST_FILE = "iSurfer-Info.plist";
				IPHONEOS_DEPLOYMENT_TARGET = 4.0;
				PRODUCT_NAME = iSurfer;
				VALIDATE_PRODUCT = YES;
			};
			name = Release;
		};
		C01FCF4F08A954540054247B /* Debug */ = {
			isa = XCBuildConfiguration;
			buildSettings = {
				ARCHS = "$(ARCHS_STANDARD_32_BIT)";
				"CODE_SIGN_IDENTITY[sdk=iphoneos*]" = "iPhone Developer: Damian Modernell (U8CX6D8PSW)";
				GCC_C_LANGUAGE_STANDARD = c99;
				GCC_WARN_ABOUT_RETURN_TYPE = YES;
				GCC_WARN_UNUSED_VARIABLE = YES;
				IPHONEOS_DEPLOYMENT_TARGET = 3.2;
				"PROVISIONING_PROFILE[sdk=iphoneos*]" = "8672AF11-1D8E-49E8-B5DD-3CC2A998E761";
				SDKROOT = iphoneos;
			};
			name = Debug;
		};
		C01FCF5008A954540054247B /* Release */ = {
			isa = XCBuildConfiguration;
			buildSettings = {
				ARCHS = "$(ARCHS_STANDARD_32_BIT)";
				"CODE_SIGN_IDENTITY[sdk=iphoneos*]" = "iPhone Developer";
				GCC_C_LANGUAGE_STANDARD = c99;
				GCC_WARN_ABOUT_RETURN_TYPE = YES;
				GCC_WARN_UNUSED_VARIABLE = YES;
				OTHER_CFLAGS = "-DNS_BLOCK_ASSERTIONS=1";
				SDKROOT = iphoneos;
			};
			name = Release;
		};
/* End XCBuildConfiguration section */

/* Begin XCConfigurationList section */
		1D6058960D05DD3E006BFB54 /* Build configuration list for PBXNativeTarget "iSurfer" */ = {
			isa = XCConfigurationList;
			buildConfigurations = (
				1D6058940D05DD3E006BFB54 /* Debug */,
				1D6058950D05DD3E006BFB54 /* Release */,
			);
			defaultConfigurationIsVisible = 0;
			defaultConfigurationName = Release;
		};
		C01FCF4E08A954540054247B /* Build configuration list for PBXProject "iSurfer" */ = {
			isa = XCConfigurationList;
			buildConfigurations = (
				C01FCF4F08A954540054247B /* Debug */,
				C01FCF5008A954540054247B /* Release */,
			);
			defaultConfigurationIsVisible = 0;
			defaultConfigurationName = Release;
		};
/* End XCConfigurationList section */
	};
	rootObject = 29B97313FDCFA39411CA2CEA /* Project object */;
}
